
Microsoft Visual Studio Solution File, Format Version 12.00
# Visual Studio 15
VisualStudioVersion = 15.0.27004.2009
MinimumVisualStudioVersion = 10.0.40219.1
Project("{FAE04EC0-301F-11D3-BF4B-00C04F79EFBC}") = "智力拼图多样版", "智力拼图多样版\智力拼图多样版.csproj", "{7F262140-C0BB-40A6-98CD-79B095CC7566}"
EndProject
Global
	GlobalSection(SolutionConfigurationPlatforms) = preSolution
		Debug|Any CPU = Debug|Any CPU
		Release|Any CPU = Release|Any CPU
	EndGlobalSection
	GlobalSection(ProjectConfigurationPlatforms) = postSolution
		{7F262140-C0BB-40A6-98CD-79B095CC7566}.Debug|Any CPU.ActiveCfg = Debug|Any CPU
		{7F262140-C0BB-40A6-98CD-79B095CC7566}.Debug|Any CPU.Build.0 = Debug|Any CPU
		{7F262140-C0BB-40A6-98CD-79B095CC7566}.Release|Any CPU.ActiveCfg = Release|Any CPU
		{7F262140-C0BB-40A6-98CD-79B095CC7566}.Release|Any CPU.Build.0 = Release|Any CPU
	EndGlobalSection
	GlobalSection(SolutionProperties) = preSolution
		HideSolutionNode = FALSE
	EndGlobalSection
	GlobalSection(ExtensibilityGlobals) = postSolution
		SolutionGuid = {E9BDCFB5-F0B2-4DF1-803A-D03C484BFDB6}
	EndGlobalSection
EndGlobal
